
Microsoft Visual Studio Solution File, Format Version 12.00
# Visual Studio Version 17
VisualStudioVersion = 17.2.32616.157
MinimumVisualStudioVersion = 10.0.40219.1
Project("{FAE04EC0-301F-11D3-BF4B-00C04F79EFBC}") = "AppUniversidad", "AppUniversidad\AppUniversidad.csproj", "{A01F0988-FD9F-4718-8C3E-21BCEF25A7B7}"
EndProject
Global
	GlobalSection(SolutionConfigurationPlatforms) = preSolution
		Debug|Any CPU = Debug|Any CPU
		Release|Any CPU = Release|Any CPU
	EndGlobalSection
	GlobalSection(ProjectConfigurationPlatforms) = postSolution
		{A01F0988-FD9F-4718-8C3E-21BCEF25A7B7}.Debug|Any CPU.ActiveCfg = Debug|Any CPU
		{A01F0988-FD9F-4718-8C3E-21BCEF25A7B7}.Debug|Any CPU.Build.0 = Debug|Any CPU
		{A01F0988-FD9F-4718-8C3E-21BCEF25A7B7}.Release|Any CPU.ActiveCfg = Release|Any CPU
		{A01F0988-FD9F-4718-8C3E-21BCEF25A7B7}.Release|Any CPU.Build.0 = Release|Any CPU
	EndGlobalSection
	GlobalSection(SolutionProperties) = preSolution
		HideSolutionNode = FALSE
	EndGlobalSection
	GlobalSection(ExtensibilityGlobals) = postSolution
		SolutionGuid = {E095847B-55E5-470F-89D0-9280F0199808}
	EndGlobalSection
EndGlobal
